// !$*UTF8*$!
{
	archiveVersion = 1;
	classes = {
	};
	objectVersion = 56;
	objects = {

/* Begin PBXBuildFile section */
		C3B931482C7918AC00E00E39 /* iOS_IntranetApp.swift in Sources */ = {isa = PBXBuildFile; fileRef = C3B931472C7918AC00E00E39 /* iOS_IntranetApp.swift */; };
		C3B9314A2C7918AC00E00E39 /* ContentView.swift in Sources */ = {isa = PBXBuildFile; fileRef = C3B931492C7918AC00E00E39 /* ContentView.swift */; };
		C3B9314C2C7918AC00E00E39 /* Item.swift in Sources */ = {isa = PBXBuildFile; fileRef = C3B9314B2C7918AC00E00E39 /* Item.swift */; };
		C3B9314E2C7918AD00E00E39 /* Assets.xcassets in Resources */ = {isa = PBXBuildFile; fileRef = C3B9314D2C7918AD00E00E39 /* Assets.xcassets */; };
		C3B931512C7918AD00E00E39 /* Preview Assets.xcassets in Resources */ = {isa = PBXBuildFile; fileRef = C3B931502C7918AD00E00E39 /* Preview Assets.xcassets */; };
		C3B9315B2C7918AD00E00E39 /* iOS_IntranetTests.swift in Sources */ = {isa = PBXBuildFile; fileRef = C3B9315A2C7918AD00E00E39 /* iOS_IntranetTests.swift */; };
		C3B931652C7918AD00E00E39 /* iOS_IntranetUITests.swift in Sources */ = {isa = PBXBuildFile; fileRef = C3B931642C7918AD00E00E39 /* iOS_IntranetUITests.swift */; };
		C3B931672C7918AD00E00E39 /* iOS_IntranetUITestsLaunchTests.swift in Sources */ = {isa = PBXBuildFile; fileRef = C3B931662C7918AD00E00E39 /* iOS_IntranetUITestsLaunchTests.swift */; };
/* End PBXBuildFile section */

/* Begin PBXContainerItemProxy section */
		C3B931572C7918AD00E00E39 /* PBXContainerItemProxy */ = {
			isa = PBXContainerItemProxy;
			containerPortal = C3B9313C2C7918AC00E00E39 /* Project object */;
			proxyType = 1;
			remoteGlobalIDString = C3B931432C7918AC00E00E39;
			remoteInfo = "iOS Intranet";
		};
		C3B931612C7918AD00E00E39 /* PBXContainerItemProxy */ = {
			isa = PBXContainerItemProxy;
			containerPortal = C3B9313C2C7918AC00E00E39 /* Project object */;
			proxyType = 1;
			remoteGlobalIDString = C3B931432C7918AC00E00E39;
			remoteInfo = "iOS Intranet";
		};
/* End PBXContainerItemProxy section */

/* Begin PBXFileReference section */
		C3B931442C7918AC00E00E39 /* iOS Intranet.app */ = {isa = PBXFileReference; explicitFileType = wrapper.application; includeInIndex = 0; path = "iOS Intranet.app"; sourceTree = BUILT_PRODUCTS_DIR; };
		C3B931472C7918AC00E00E39 /* iOS_IntranetApp.swift */ = {isa = PBXFileReference; lastKnownFileType = sourcecode.swift; path = iOS_IntranetApp.swift; sourceTree = "<group>"; };
		C3B931492C7918AC00E00E39 /* ContentView.swift */ = {isa = PBXFileReference; lastKnownFileType = sourcecode.swift; path = ContentView.swift; sourceTree = "<group>"; };
		C3B9314B2C7918AC00E00E39 /* Item.swift */ = {isa = PBXFileReference; lastKnownFileType = sourcecode.swift; path = Item.swift; sourceTree = "<group>"; };
		C3B9314D2C7918AD00E00E39 /* Assets.xcassets */ = {isa = PBXFileReference; lastKnownFileType = folder.assetcatalog; path = Assets.xcassets; sourceTree = "<group>"; };
		C3B931502C7918AD00E00E39 /* Preview Assets.xcassets */ = {isa = PBXFileReference; lastKnownFileType = folder.assetcatalog; path = "Preview Assets.xcassets"; sourceTree = "<group>"; };
		C3B931562C7918AD00E00E39 /* iOS IntranetTests.xctest */ = {isa = PBXFileReference; explicitFileType = wrapper.cfbundle; includeInIndex = 0; path = "iOS IntranetTests.xctest"; sourceTree = BUILT_PRODUCTS_DIR; };
		C3B9315A2C7918AD00E00E39 /* iOS_IntranetTests.swift */ = {isa = PBXFileReference; lastKnownFileType = sourcecode.swift; path = iOS_IntranetTests.swift; sourceTree = "<group>"; };
		C3B931602C7918AD00E00E39 /* iOS IntranetUITests.xctest */ = {isa = PBXFileReference; explicitFileType = wrapper.cfbundle; includeInIndex = 0; path = "iOS IntranetUITests.xctest"; sourceTree = BUILT_PRODUCTS_DIR; };
		C3B931642C7918AD00E00E39 /* iOS_IntranetUITests.swift */ = {isa = PBXFileReference; lastKnownFileType = sourcecode.swift; path = iOS_IntranetUITests.swift; sourceTree = "<group>"; };
		C3B931662C7918AD00E00E39 /* iOS_IntranetUITestsLaunchTests.swift */ = {isa = PBXFileReference; lastKnownFileType = sourcecode.swift; path = iOS_IntranetUITestsLaunchTests.swift; sourceTree = "<group>"; };
/* End PBXFileReference section */

/* Begin PBXFrameworksBuildPhase section */
		C3B931412C7918AC00E00E39 /* Frameworks */ = {
			isa = PBXFrameworksBuildPhase;
			buildActionMask = 2147483647;
			files = (
			);
			runOnlyForDeploymentPostprocessing = 0;
		};
		C3B931532C7918AD00E00E39 /* Frameworks */ = {
			isa = PBXFrameworksBuildPhase;
			buildActionMask = 2147483647;
			files = (
			);
			runOnlyForDeploymentPostprocessing = 0;
		};
		C3B9315D2C7918AD00E00E39 /* Frameworks */ = {
			isa = PBXFrameworksBuildPhase;
			buildActionMask = 2147483647;
			files = (
			);
			runOnlyForDeploymentPostprocessing = 0;
		};
/* End PBXFrameworksBuildPhase section */

/* Begin PBXGroup section */
		C3B9313B2C7918AC00E00E39 = {
			isa = PBXGroup;
			children = (
				C3B931462C7918AC00E00E39 /* iOS Intranet */,
				C3B931592C7918AD00E00E39 /* iOS IntranetTests */,
				C3B931632C7918AD00E00E39 /* iOS IntranetUITests */,
				C3B931452C7918AC00E00E39 /* Products */,
			);
			sourceTree = "<group>";
		};
		C3B931452C7918AC00E00E39 /* Products */ = {
			isa = PBXGroup;
			children = (
				C3B931442C7918AC00E00E39 /* iOS Intranet.app */,
				C3B931562C7918AD00E00E39 /* iOS IntranetTests.xctest */,
				C3B931602C7918AD00E00E39 /* iOS IntranetUITests.xctest */,
			);
			name = Products;
			sourceTree = "<group>";
		};
		C3B931462C7918AC00E00E39 /* iOS Intranet */ = {
			isa = PBXGroup;
			children = (
				C3B931472C7918AC00E00E39 /* iOS_IntranetApp.swift */,
				C3B931492C7918AC00E00E39 /* ContentView.swift */,
				C3B9314B2C7918AC00E00E39 /* Item.swift */,
				C3B9314D2C7918AD00E00E39 /* Assets.xcassets */,
				C3B9314F2C7918AD00E00E39 /* Preview Content */,
			);
			path = "iOS Intranet";
			sourceTree = "<group>";
		};
		C3B9314F2C7918AD00E00E39 /* Preview Content */ = {
			isa = PBXGroup;
			children = (
				C3B931502C7918AD00E00E39 /* Preview Assets.xcassets */,
			);
			path = "Preview Content";
			sourceTree = "<group>";
		};
		C3B931592C7918AD00E00E39 /* iOS IntranetTests */ = {
			isa = PBXGroup;
			children = (
				C3B9315A2C7918AD00E00E39 /* iOS_IntranetTests.swift */,
			);
			path = "iOS IntranetTests";
			sourceTree = "<group>";
		};
		C3B931632C7918AD00E00E39 /* iOS IntranetUITests */ = {
			isa = PBXGroup;
			children = (
				C3B931642C7918AD00E00E39 /* iOS_IntranetUITests.swift */,
				C3B931662C7918AD00E00E39 /* iOS_IntranetUITestsLaunchTests.swift */,
			);
			path = "iOS IntranetUITests";
			sourceTree = "<group>";
		};
/* End PBXGroup section */

/* Begin PBXNativeTarget section */
		C3B931432C7918AC00E00E39 /* iOS Intranet */ = {
			isa = PBXNativeTarget;
			buildConfigurationList = C3B9316A2C7918AD00E00E39 /* Build configuration list for PBXNativeTarget "iOS Intranet" */;
			buildPhases = (
				C3B931402C7918AC00E00E39 /* Sources */,
				C3B931412C7918AC00E00E39 /* Frameworks */,
				C3B931422C7918AC00E00E39 /* Resources */,
			);
			buildRules = (
			);
			dependencies = (
			);
			name = "iOS Intranet";
			productName = "iOS Intranet";
			productReference = C3B931442C7918AC00E00E39 /* iOS Intranet.app */;
			productType = "com.apple.product-type.application";
		};
		C3B931552C7918AD00E00E39 /* iOS IntranetTests */ = {
			isa = PBXNativeTarget;
			buildConfigurationList = C3B9316D2C7918AD00E00E39 /* Build configuration list for PBXNativeTarget "iOS IntranetTests" */;
			buildPhases = (
				C3B931522C7918AD00E00E39 /* Sources */,
				C3B931532C7918AD00E00E39 /* Frameworks */,
				C3B931542C7918AD00E00E39 /* Resources */,
			);
			buildRules = (
			);
			dependencies = (
				C3B931582C7918AD00E00E39 /* PBXTargetDependency */,
			);
			name = "iOS IntranetTests";
			productName = "iOS IntranetTests";
			productReference = C3B931562C7918AD00E00E39 /* iOS IntranetTests.xctest */;
			productType = "com.apple.product-type.bundle.unit-test";
		};
		C3B9315F2C7918AD00E00E39 /* iOS IntranetUITests */ = {
			isa = PBXNativeTarget;
			buildConfigurationList = C3B931702C7918AD00E00E39 /* Build configuration list for PBXNativeTarget "iOS IntranetUITests" */;
			buildPhases = (
				C3B9315C2C7918AD00E00E39 /* Sources */,
				C3B9315D2C7918AD00E00E39 /* Frameworks */,
				C3B9315E2C7918AD00E00E39 /* Resources */,
			);
			buildRules = (
			);
			dependencies = (
				C3B931622C7918AD00E00E39 /* PBXTargetDependency */,
			);
			name = "iOS IntranetUITests";
			productName = "iOS IntranetUITests";
			productReference = C3B931602C7918AD00E00E39 /* iOS IntranetUITests.xctest */;
			productType = "com.apple.product-type.bundle.ui-testing";
		};
/* End PBXNativeTarget section */

/* Begin PBXProject section */
		C3B9313C2C7918AC00E00E39 /* Project object */ = {
			isa = PBXProject;
			attributes = {
				BuildIndependentTargetsInParallel = 1;
				LastSwiftUpdateCheck = 1540;
				LastUpgradeCheck = 1540;
				TargetAttributes = {
					C3B931432C7918AC00E00E39 = {
						CreatedOnToolsVersion = 15.4;
					};
					C3B931552C7918AD00E00E39 = {
						CreatedOnToolsVersion = 15.4;
						TestTargetID = C3B931432C7918AC00E00E39;
					};
					C3B9315F2C7918AD00E00E39 = {
						CreatedOnToolsVersion = 15.4;
						TestTargetID = C3B931432C7918AC00E00E39;
					};
				};
			};
			buildConfigurationList = C3B9313F2C7918AC00E00E39 /* Build configuration list for PBXProject "iOS Intranet" */;
			compatibilityVersion = "Xcode 14.0";
			developmentRegion = en;
			hasScannedForEncodings = 0;
			knownRegions = (
				en,
				Base,
			);
			mainGroup = C3B9313B2C7918AC00E00E39;
			productRefGroup = C3B931452C7918AC00E00E39 /* Products */;
			projectDirPath = "";
			projectRoot = "";
			targets = (
				C3B931432C7918AC00E00E39 /* iOS Intranet */,
				C3B931552C7918AD00E00E39 /* iOS IntranetTests */,
				C3B9315F2C7918AD00E00E39 /* iOS IntranetUITests */,
			);
		};
/* End PBXProject section */

/* Begin PBXResourcesBuildPhase section */
		C3B931422C7918AC00E00E39 /* Resources */ = {
			isa = PBXResourcesBuildPhase;
			buildActionMask = 2147483647;
			files = (
				C3B931512C7918AD00E00E39 /* Preview Assets.xcassets in Resources */,
				C3B9314E2C7918AD00E00E39 /* Assets.xcassets in Resources */,
			);
			runOnlyForDeploymentPostprocessing = 0;
		};
		C3B931542C7918AD00E00E39 /* Resources */ = {
			isa = PBXResourcesBuildPhase;
			buildActionMask = 2147483647;
			files = (
			);
			runOnlyForDeploymentPostprocessing = 0;
		};
		C3B9315E2C7918AD00E00E39 /* Resources */ = {
			isa = PBXResourcesBuildPhase;
			buildActionMask = 2147483647;
			files = (
			);
			runOnlyForDeploymentPostprocessing = 0;
		};
/* End PBXResourcesBuildPhase section */

/* Begin PBXSourcesBuildPhase section */
		C3B931402C7918AC00E00E39 /* Sources */ = {
			isa = PBXSourcesBuildPhase;
			buildActionMask = 2147483647;
			files = (
				C3B9314A2C7918AC00E00E39 /* ContentView.swift in Sources */,
				C3B9314C2C7918AC00E00E39 /* Item.swift in Sources */,
				C3B931482C7918AC00E00E39 /* iOS_IntranetApp.swift in Sources */,
			);
			runOnlyForDeploymentPostprocessing = 0;
		};
		C3B931522C7918AD00E00E39 /* Sources */ = {
			isa = PBXSourcesBuildPhase;
			buildActionMask = 2147483647;
			files = (
				C3B9315B2C7918AD00E00E39 /* iOS_IntranetTests.swift in Sources */,
			);
			runOnlyForDeploymentPostprocessing = 0;
		};
		C3B9315C2C7918AD00E00E39 /* Sources */ = {
			isa = PBXSourcesBuildPhase;
			buildActionMask = 2147483647;
			files = (
				C3B931652C7918AD00E00E39 /* iOS_IntranetUITests.swift in Sources */,
				C3B931672C7918AD00E00E39 /* iOS_IntranetUITestsLaunchTests.swift in Sources */,
			);
			runOnlyForDeploymentPostprocessing = 0;
		};
/* End PBXSourcesBuildPhase section */

/* Begin PBXTargetDependency section */
		C3B931582C7918AD00E00E39 /* PBXTargetDependency */ = {
			isa = PBXTargetDependency;
			target = C3B931432C7918AC00E00E39 /* iOS Intranet */;
			targetProxy = C3B931572C7918AD00E00E39 /* PBXContainerItemProxy */;
		};
		C3B931622C7918AD00E00E39 /* PBXTargetDependency */ = {
			isa = PBXTargetDependency;
			target = C3B931432C7918AC00E00E39 /* iOS Intranet */;
			targetProxy = C3B931612C7918AD00E00E39 /* PBXContainerItemProxy */;
		};
/* End PBXTargetDependency section */

/* Begin XCBuildConfiguration section */
		C3B931682C7918AD00E00E39 /* Debug */ = {
			isa = XCBuildConfiguration;
			buildSettings = {
				ALWAYS_SEARCH_USER_PATHS = NO;
				ASSETCATALOG_COMPILER_GENERATE_SWIFT_ASSET_SYMBOL_EXTENSIONS = YES;
				CLANG_ANALYZER_NONNULL = YES;
				CLANG_ANALYZER_NUMBER_OBJECT_CONVERSION = YES_AGGRESSIVE;
				CLANG_CXX_LANGUAGE_STANDARD = "gnu++20";
				CLANG_ENABLE_MODULES = YES;
				CLANG_ENABLE_OBJC_ARC = YES;
				CLANG_ENABLE_OBJC_WEAK = YES;
				CLANG_WARN_BLOCK_CAPTURE_AUTORELEASING = YES;
				CLANG_WARN_BOOL_CONVERSION = YES;
				CLANG_WARN_COMMA = YES;
				CLANG_WARN_CONSTANT_CONVERSION = YES;
				CLANG_WARN_DEPRECATED_OBJC_IMPLEMENTATIONS = YES;
				CLANG_WARN_DIRECT_OBJC_ISA_USAGE = YES_ERROR;
				CLANG_WARN_DOCUMENTATION_COMMENTS = YES;
				CLANG_WARN_EMPTY_BODY = YES;
				CLANG_WARN_ENUM_CONVERSION = YES;
				CLANG_WARN_INFINITE_RECURSION = YES;
				CLANG_WARN_INT_CONVERSION = YES;
				CLANG_WARN_NON_LITERAL_NULL_CONVERSION = YES;
				CLANG_WARN_OBJC_IMPLICIT_RETAIN_SELF = YES;
				CLANG_WARN_OBJC_LITERAL_CONVERSION = YES;
				CLANG_WARN_OBJC_ROOT_CLASS = YES_ERROR;
				CLANG_WARN_QUOTED_INCLUDE_IN_FRAMEWORK_HEADER = YES;
				CLANG_WARN_RANGE_LOOP_ANALYSIS = YES;
				CLANG_WARN_STRICT_PROTOTYPES = YES;
				CLANG_WARN_SUSPICIOUS_MOVE = YES;
				CLANG_WARN_UNGUARDED_AVAILABILITY = YES_AGGRESSIVE;
				CLANG_WARN_UNREACHABLE_CODE = YES;
				CLANG_WARN__DUPLICATE_METHOD_MATCH = YES;
				COPY_PHASE_STRIP = NO;
				DEBUG_INFORMATION_FORMAT = dwarf;
				ENABLE_STRICT_OBJC_MSGSEND = YES;
				ENABLE_TESTABILITY = YES;
				ENABLE_USER_SCRIPT_SANDBOXING = YES;
				GCC_C_LANGUAGE_STANDARD = gnu17;
				GCC_DYNAMIC_NO_PIC = NO;
				GCC_NO_COMMON_BLOCKS = YES;
				GCC_OPTIMIZATION_LEVEL = 0;
				GCC_PREPROCESSOR_DEFINITIONS = (
					"DEBUG=1",
					"$(inherited)",
				);
				GCC_WARN_64_TO_32_BIT_CONVERSION = YES;
				GCC_WARN_ABOUT_RETURN_TYPE = YES_ERROR;
				GCC_WARN_UNDECLARED_SELECTOR = YES;
				GCC_WARN_UNINITIALIZED_AUTOS = YES_AGGRESSIVE;
				GCC_WARN_UNUSED_FUNCTION = YES;
				GCC_WARN_UNUSED_VARIABLE = YES;
				IPHONEOS_DEPLOYMENT_TARGET = 17.5;
				LOCALIZATION_PREFERS_STRING_CATALOGS = YES;
				MTL_ENABLE_DEBUG_INFO = INCLUDE_SOURCE;
				MTL_FAST_MATH = YES;
				ONLY_ACTIVE_ARCH = YES;
				SDKROOT = iphoneos;
				SWIFT_ACTIVE_COMPILATION_CONDITIONS = "DEBUG $(inherited)";
				SWIFT_OPTIMIZATION_LEVEL = "-Onone";
			};
			name = Debug;
		};
		C3B931692C7918AD00E00E39 /* Release */ = {
			isa = XCBuildConfiguration;
			buildSettings = {
				ALWAYS_SEARCH_USER_PATHS = NO;
				ASSETCATALOG_COMPILER_GENERATE_SWIFT_ASSET_SYMBOL_EXTENSIONS = YES;
				CLANG_ANALYZER_NONNULL = YES;
				CLANG_ANALYZER_NUMBER_OBJECT_CONVERSION = YES_AGGRESSIVE;
				CLANG_CXX_LANGUAGE_STANDARD = "gnu++20";
				CLANG_ENABLE_MODULES = YES;
				CLANG_ENABLE_OBJC_ARC = YES;
				CLANG_ENABLE_OBJC_WEAK = YES;
				CLANG_WARN_BLOCK_CAPTURE_AUTORELEASING = YES;
				CLANG_WARN_BOOL_CONVERSION = YES;
				CLANG_WARN_COMMA = YES;
				CLANG_WARN_CONSTANT_CONVERSION = YES;
				CLANG_WARN_DEPRECATED_OBJC_IMPLEMENTATIONS = YES;
				CLANG_WARN_DIRECT_OBJC_ISA_USAGE = YES_ERROR;
				CLANG_WARN_DOCUMENTATION_COMMENTS = YES;
				CLANG_WARN_EMPTY_BODY = YES;
				CLANG_WARN_ENUM_CONVERSION = YES;
				CLANG_WARN_INFINITE_RECURSION = YES;
				CLANG_WARN_INT_CONVERSION = YES;
				CLANG_WARN_NON_LITERAL_NULL_CONVERSION = YES;
				CLANG_WARN_OBJC_IMPLICIT_RETAIN_SELF = YES;
				CLANG_WARN_OBJC_LITERAL_CONVERSION = YES;
				CLANG_WARN_OBJC_ROOT_CLASS = YES_ERROR;
				CLANG_WARN_QUOTED_INCLUDE_IN_FRAMEWORK_HEADER = YES;
				CLANG_WARN_RANGE_LOOP_ANALYSIS = YES;
				CLANG_WARN_STRICT_PROTOTYPES = YES;
				CLANG_WARN_SUSPICIOUS_MOVE = YES;
				CLANG_WARN_UNGUARDED_AVAILABILITY = YES_AGGRESSIVE;
				CLANG_WARN_UNREACHABLE_CODE = YES;
				CLANG_WARN__DUPLICATE_METHOD_MATCH = YES;
				COPY_PHASE_STRIP = NO;
				DEBUG_INFORMATION_FORMAT = "dwarf-with-dsym";
				ENABLE_NS_ASSERTIONS = NO;
				ENABLE_STRICT_OBJC_MSGSEND = YES;
				ENABLE_USER_SCRIPT_SANDBOXING = YES;
				GCC_C_LANGUAGE_STANDARD = gnu17;
				GCC_NO_COMMON_BLOCKS = YES;
				GCC_WARN_64_TO_32_BIT_CONVERSION = YES;
				GCC_WARN_ABOUT_RETURN_TYPE = YES_ERROR;
				GCC_WARN_UNDECLARED_SELECTOR = YES;
				GCC_WARN_UNINITIALIZED_AUTOS = YES_AGGRESSIVE;
				GCC_WARN_UNUSED_FUNCTION = YES;
				GCC_WARN_UNUSED_VARIABLE = YES;
				IPHONEOS_DEPLOYMENT_TARGET = 17.5;
				LOCALIZATION_PREFERS_STRING_CATALOGS = YES;
				MTL_ENABLE_DEBUG_INFO = NO;
				MTL_FAST_MATH = YES;
				SDKROOT = iphoneos;
				SWIFT_COMPILATION_MODE = wholemodule;
				VALIDATE_PRODUCT = YES;
			};
			name = Release;
		};
		C3B9316B2C7918AD00E00E39 /* Debug */ = {
			isa = XCBuildConfiguration;
			buildSettings = {
				ASSETCATALOG_COMPILER_APPICON_NAME = AppIcon;
				ASSETCATALOG_COMPILER_GLOBAL_ACCENT_COLOR_NAME = AccentColor;
				CODE_SIGN_STYLE = Automatic;
				CURRENT_PROJECT_VERSION = 1;
				DEVELOPMENT_ASSET_PATHS = "\"iOS Intranet/Preview Content\"";
				DEVELOPMENT_TEAM = 4R55F73KCP;
				ENABLE_PREVIEWS = YES;
				GENERATE_INFOPLIST_FILE = YES;
				INFOPLIST_KEY_UIApplicationSceneManifest_Generation = YES;
				INFOPLIST_KEY_UIApplicationSupportsIndirectInputEvents = YES;
				INFOPLIST_KEY_UILaunchScreen_Generation = YES;
				INFOPLIST_KEY_UISupportedInterfaceOrientations_iPad = "UIInterfaceOrientationPortrait UIInterfaceOrientationPortraitUpsideDown UIInterfaceOrientationLandscapeLeft UIInterfaceOrientationLandscapeRight";
				INFOPLIST_KEY_UISupportedInterfaceOrientations_iPhone = "UIInterfaceOrientationPortrait UIInterfaceOrientationLandscapeLeft UIInterfaceOrientationLandscapeRight";
				LD_RUNPATH_SEARCH_PATHS = (
					"$(inherited)",
					"@executable_path/Frameworks",
				);
				MARKETING_VERSION = 1.0;
				PRODUCT_BUNDLE_IDENTIFIER = "fbablu.iOS-Intranet";
				PRODUCT_NAME = "$(TARGET_NAME)";
				SWIFT_EMIT_LOC_STRINGS = YES;
				SWIFT_VERSION = 5.0;
				TARGETED_DEVICE_FAMILY = "1,2";
			};
			name = Debug;
		};
		C3B9316C2C7918AD00E00E39 /* Release */ = {
			isa = XCBuildConfiguration;
			buildSettings = {
				ASSETCATALOG_COMPILER_APPICON_NAME = AppIcon;
				ASSETCATALOG_COMPILER_GLOBAL_ACCENT_COLOR_NAME = AccentColor;
				CODE_SIGN_STYLE = Automatic;
				CURRENT_PROJECT_VERSION = 1;
				DEVELOPMENT_ASSET_PATHS = "\"iOS Intranet/Preview Content\"";
				DEVELOPMENT_TEAM = 4R55F73KCP;
				ENABLE_PREVIEWS = YES;
				GENERATE_INFOPLIST_FILE = YES;
				INFOPLIST_KEY_UIApplicationSceneManifest_Generation = YES;
				INFOPLIST_KEY_UIApplicationSupportsIndirectInputEvents = YES;
				INFOPLIST_KEY_UILaunchScreen_Generation = YES;
				INFOPLIST_KEY_UISupportedInterfaceOrientations_iPad = "UIInterfaceOrientationPortrait UIInterfaceOrientationPortraitUpsideDown UIInterfaceOrientationLandscapeLeft UIInterfaceOrientationLandscapeRight";
				INFOPLIST_KEY_UISupportedInterfaceOrientations_iPhone = "UIInterfaceOrientationPortrait UIInterfaceOrientationLandscapeLeft UIInterfaceOrientationLandscapeRight";
				LD_RUNPATH_SEARCH_PATHS = (
					"$(inherited)",
					"@executable_path/Frameworks",
				);
				MARKETING_VERSION = 1.0;
				PRODUCT_BUNDLE_IDENTIFIER = "fbablu.iOS-Intranet";
				PRODUCT_NAME = "$(TARGET_NAME)";
				SWIFT_EMIT_LOC_STRINGS = YES;
				SWIFT_VERSION = 5.0;
				TARGETED_DEVICE_FAMILY = "1,2";
			};
			name = Release;
		};
		C3B9316E2C7918AD00E00E39 /* Debug */ = {
			isa = XCBuildConfiguration;
			buildSettings = {
				ALWAYS_EMBED_SWIFT_STANDARD_LIBRARIES = YES;
				BUNDLE_LOADER = "$(TEST_HOST)";
				CODE_SIGN_STYLE = Automatic;
				CURRENT_PROJECT_VERSION = 1;
				DEVELOPMENT_TEAM = 4R55F73KCP;
				GENERATE_INFOPLIST_FILE = YES;
				IPHONEOS_DEPLOYMENT_TARGET = 17.5;
				MARKETING_VERSION = 1.0;
				PRODUCT_BUNDLE_IDENTIFIER = "fbablu.iOS-IntranetTests";
				PRODUCT_NAME = "$(TARGET_NAME)";
				SWIFT_EMIT_LOC_STRINGS = NO;
				SWIFT_VERSION = 5.0;
				TARGETED_DEVICE_FAMILY = "1,2";
				TEST_HOST = "$(BUILT_PRODUCTS_DIR)/iOS Intranet.app/$(BUNDLE_EXECUTABLE_FOLDER_PATH)/iOS Intranet";
			};
			name = Debug;
		};
		C3B9316F2C7918AD00E00E39 /* Release */ = {
			isa = XCBuildConfiguration;
			buildSettings = {
				ALWAYS_EMBED_SWIFT_STANDARD_LIBRARIES = YES;
				BUNDLE_LOADER = "$(TEST_HOST)";
				CODE_SIGN_STYLE = Automatic;
				CURRENT_PROJECT_VERSION = 1;
				DEVELOPMENT_TEAM = 4R55F73KCP;
				GENERATE_INFOPLIST_FILE = YES;
				IPHONEOS_DEPLOYMENT_TARGET = 17.5;
				MARKETING_VERSION = 1.0;
				PRODUCT_BUNDLE_IDENTIFIER = "fbablu.iOS-IntranetTests";
				PRODUCT_NAME = "$(TARGET_NAME)";
				SWIFT_EMIT_LOC_STRINGS = NO;
				SWIFT_VERSION = 5.0;
				TARGETED_DEVICE_FAMILY = "1,2";
				TEST_HOST = "$(BUILT_PRODUCTS_DIR)/iOS Intranet.app/$(BUNDLE_EXECUTABLE_FOLDER_PATH)/iOS Intranet";
			};
			name = Release;
		};
		C3B931712C7918AD00E00E39 /* Debug */ = {
			isa = XCBuildConfiguration;
			buildSettings = {
				ALWAYS_EMBED_SWIFT_STANDARD_LIBRARIES = YES;
				CODE_SIGN_STYLE = Automatic;
				CURRENT_PROJECT_VERSION = 1;
				DEVELOPMENT_TEAM = 4R55F73KCP;
				GENERATE_INFOPLIST_FILE = YES;
				MARKETING_VERSION = 1.0;
				PRODUCT_BUNDLE_IDENTIFIER = "fbablu.iOS-IntranetUITests";
				PRODUCT_NAME = "$(TARGET_NAME)";
				SWIFT_EMIT_LOC_STRINGS = NO;
				SWIFT_VERSION = 5.0;
				TARGETED_DEVICE_FAMILY = "1,2";
				TEST_TARGET_NAME = "iOS Intranet";
			};
			name = Debug;
		};
		C3B931722C7918AD00E00E39 /* Release */ = {
			isa = XCBuildConfiguration;
			buildSettings = {
				ALWAYS_EMBED_SWIFT_STANDARD_LIBRARIES = YES;
				CODE_SIGN_STYLE = Automatic;
				CURRENT_PROJECT_VERSION = 1;
				DEVELOPMENT_TEAM = 4R55F73KCP;
				GENERATE_INFOPLIST_FILE = YES;
				MARKETING_VERSION = 1.0;
				PRODUCT_BUNDLE_IDENTIFIER = "fbablu.iOS-IntranetUITests";
				PRODUCT_NAME = "$(TARGET_NAME)";
				SWIFT_EMIT_LOC_STRINGS = NO;
				SWIFT_VERSION = 5.0;
				TARGETED_DEVICE_FAMILY = "1,2";
				TEST_TARGET_NAME = "iOS Intranet";
			};
			name = Release;
		};
/* End XCBuildConfiguration section */

/* Begin XCConfigurationList section */
		C3B9313F2C7918AC00E00E39 /* Build configuration list for PBXProject "iOS Intranet" */ = {
			isa = XCConfigurationList;
			buildConfigurations = (
				C3B931682C7918AD00E00E39 /* Debug */,
				C3B931692C7918AD00E00E39 /* Release */,
			);
			defaultConfigurationIsVisible = 0;
			defaultConfigurationName = Release;
		};
		C3B9316A2C7918AD00E00E39 /* Build configuration list for PBXNativeTarget "iOS Intranet" */ = {
			isa = XCConfigurationList;
			buildConfigurations = (
				C3B9316B2C7918AD00E00E39 /* Debug */,
				C3B9316C2C7918AD00E00E39 /* Release */,
			);
			defaultConfigurationIsVisible = 0;
			defaultConfigurationName = Release;
		};
		C3B9316D2C7918AD00E00E39 /* Build configuration list for PBXNativeTarget "iOS IntranetTests" */ = {
			isa = XCConfigurationList;
			buildConfigurations = (
				C3B9316E2C7918AD00E00E39 /* Debug */,
				C3B9316F2C7918AD00E00E39 /* Release */,
			);
			defaultConfigurationIsVisible = 0;
			defaultConfigurationName = Release;
		};
		C3B931702C7918AD00E00E39 /* Build configuration list for PBXNativeTarget "iOS IntranetUITests" */ = {
			isa = XCConfigurationList;
			buildConfigurations = (
				C3B931712C7918AD00E00E39 /* Debug */,
				C3B931722C7918AD00E00E39 /* Release */,
			);
			defaultConfigurationIsVisible = 0;
			defaultConfigurationName = Release;
		};
/* End XCConfigurationList section */
	};
	rootObject = C3B9313C2C7918AC00E00E39 /* Project object */;
}
